github.com/ajstarks/deck v0.0.0-20190324184121-6fe4637ccacd/go.mod h1:j3f/59diR4DorW5A78eDYvRkdrkh+nps4p5LA1Tl05U=
github.com/fogleman/gg v1.3.0 h1:/7zJX8F6AaYQc57WQCyN9cAIz+4bCJGO9B+dyW29am8=
github.com/fogleman/gg v1.3.0/go.mod h1:R/bRT+9gY/C5z7JzPU0zXsXHKM4/ayA+zqcVNZzPa1k=
github.com/gmlewis/go-fonts v0.15.0 h1:0IpD0X4XfOBfc5vjqxZ4Cow1QgegmLN8smH+1wlU4II=
github.com/gmlewis/go-fonts v0.15.0/go.mod h1:Z1CQXHaZV66KMM1n30T4UT4sd9qtFBWAQUwrBfbqfsY=
github.com/gmlewis/go-fonts/fonts/carrelectronicdingbats v0.0.0-20240613220541-0b8d4bcfe88f h1:1qTb7bffOLR8toORPGP0ZYQUhe2JEL1SE5rcCWTNt14=
github.com/gmlewis/go-fonts/fonts/carrelectronicdingbats v0.0.0-20240613220541-0b8d4bcfe88f/go.mod h1:9e2RRFgLCq8KEvrfUyW74YNxytvRtPf6FuUVu1DmChY=
github.com/gmlewis/go-fonts/fonts/freeserif v0.0.0-20240613220541-0b8d4bcfe88f h1:/+50KuQeymwUadx2U554AUnWj+BR6mPxZrdUbIeKKg0=
github.com/gmlewis/go-fonts/fonts/freeserif v0.0.0-20240613220541-0b8d4bcfe88f/go.mod h1:6sVXC8unR4qzYDp3/huY7n2RmzfRSxuCa6w2ta6gIOo=
github.com/gmlewis/go-fonts/fonts/latoregular v0.0.0-20240613220541-0b8d4bcfe88f h1:Py78qEguigYjMqgI9xjB99gjIR1ddluNnQ2qitMkMbI=
github.com/gmlewis/go-fonts/fonts/latoregular v0.0.0-20240613220541-0b8d4bcfe88f/go.mod h1:t2iffGvbOtarTR7LswFsBkwW75fbqjgI/l7f9hJosgg=
github.com/gmlewis/go-fonts/fonts/modak v0.0.0-20240613220541-0b8d4bcfe88f h1:eH3YXpV4T/nmPPSdg0afuyu/9V5HF+hvfbch2Rnj3S4=
github.com/gmlewis/go-fonts/fonts/modak v0.0.0-20240613220541-0b8d4bcfe88f/go.mod h1:nOh+ecbSJcsCI6XFCgqnjXZjGZgolFYf6JU6l3S4bUM=
github.com/gmlewis/go-fonts/fonts/printersornamentsone v0.0.0-20240613220541-0b8d4bcfe88f h1:YgDPQym3G/lFp38S71KXx/OfgtHqXbEtgFV4V6M6njA=
github.com/gmlewis/go-fonts/fonts/printersornamentsone v0.0.0-20240613220541-0b8d4bcfe88f/go.mod h1:i+TfqNqVlvoZCJjtp9OiOwa6+jyNmUgjfKu3CuwZfhQ=
github.com/gmlewis/go-fonts/fonts/scriptinapro v0.0.0-20240613220541-0b8d4bcfe88f h1:i/1XY1CvMHdPO6xf8EWxuphi2xegjkSZvWBl7gsGMPA=
github.com/gmlewis/go-fonts/fonts/scriptinapro v0.0.0-20240613220541-0b8d4bcfe88f/go.mod h1:FCm02ETUBRIhyqtxS4cBcwBFJSraTnTspotcyMYBqEs=
github.com/gmlewis/go-fonts/fonts/sofia_regular v0.0.0-20240613220541-0b8d4bcfe88f h1:tA+u7sxBqWqlR43fowenwIY13IHnVUeeb5DdZFjd/5w=
github.com/gmlewis/go-fonts/fonts/sofia_regular v0.0.0-20240613220541-0b8d4bcfe88f/go.mod h1:PCI1w87w3doVPC44wIgb7H6iu1J13ZbPLwP+o9VOfMU=
github.com/gmlewis/go-fonts/fonts/spirax_regular v0.0.0-20240613220541-0b8d4bcfe88f h1:s0a3jgIvEeJ/DabLLIUoszehvPG3ta+Q0oLKpj27FmU=
github.com/gmlewis/go-fonts/fonts/spirax_regular v0.0.0-20240613220541-0b8d4bcfe88f/go.mod h1:VA8/V30qS3oikNTMCVgS/mlTU3gFrS0bj3EuZjl1J/s=
github.com/gmlewis/go-fonts/fonts/tangerine_bold v0.0.0-20240613220541-0b8d4bcfe88f h1:pZqpS2FEPqI4H10bsQXOOrgmuYqcyzfXkLqmCznhR18=
github.com/gmlewis/go-fonts/fonts/tangerine_bold v0.0.0-20240613220541-0b8d4bcfe88f/go.mod h1:2BRfLTVeu+IhAodjASC2DwOh5HqTHmU61BWBIsx1ot8=
github.com/gmlewis/go-fonts/fonts/topsecret_bold v0.0.0-20240613220541-0b8d4bcfe88f h1:SQoszPvq9Ncm1SoxikpvJM/jr3fcofxg3ATYlRLJA10=
github.com/gmlewis/go-fonts/fonts/topsecret_bold v0.0.0-20240613220541-0b8d4bcfe88f/go.mod h1:/fBPyiMS4j6zNY0+ONy2mMBfgcF6DLUsnmjkiaEWq3k=
github.com/gmlewis/go-fonts/fonts/typemymusic_notation v0.0.0-20240613220541-0b8d4bcfe88f h1:h7bB4CIM2Sfg+5Bwan3hZUcoccxMj+RVqvKjLPjo9H8=
github.com/gmlewis/go-fonts/fonts/typemymusic_notation v0.0.0-20240613220541-0b8d4bcfe88f/go.mod h1:CZ/gHpQa14oovc+YzNHI6xeULhGq7CkpzCuvXEAAWHg=
github.com/gmlewis/go3d v0.0.4 h1:2ymApzgFXKZJ0nFgItUAAXt2z8n5tPOz5Wtu/SGZ1As=
github.com/gmlewis/go3d v0.0.4/go.mod h1:kmNbdpGuKWLQCUigppF9tBmoHDLrsymSy6se+eBUOVk=
github.com/gmlewis/ponoko2d v0.0.0-20190404133045-d77d370bec9a h1:+f/EwY1eQ5vL78T1LwqOKSGoEGtZ3kkwAvONoJtDay0=
github.com/gmlewis/ponoko2d v0.0.0-20190404133045-d77d370bec9a/go.mod h1:0DMFM3a552FJGRcau2ofvSbrPaoZQVJ9BiY5bdUAjVE=
github.com/golang/freetype v0.0.0-20170609003504-e2365dfdc4a0 h1:DACJavvAHhabrF08vX0COfcOBJRhZ8lUbR+ZWIs0Y5g=
github.com/golang/freetype v0.0.0-20170609003504-e2365dfdc4a0/go.mod h1:E/TSTwGwJL78qG/PmXZO1EjYhfJinVAhrmmHX6Z8B9k=
github.com/google/go-cmp v0.6.0 h1:ofyhxvXcZhMsU5ulbFiLKl/XBFqE1GSq7atu8tAmTRI=
github.com/google/go-cmp v0.6.0/go.mod h1:17dUlkBOakJ0+DkrSSNjCkIjxS6bF9zb3elmeNGIjoY=
github.com/yofu/dxf v0.0.0-20190710012328-5a6d1e83f16c h1:qgsxLgTXCVH8Dxar36HI5af2ZfinVz5vF8erPpyzM+A=
github.com/yofu/dxf v0.0.0-20190710012328-5a6d1e83f16c/go.mod h1:gnT4GQzgKW8+TLI0xheUgdmNV4dsAN0WJUVnztRZkfI=
golang.org/x/image v0.15.0 h1:kOELfmgrmJlw4Cdb7g/QGuB3CvDrXbqEIww/pNtNBm8=
golang.org/x/image v0.15.0/go.mod h1:HUYqC05R2ZcZ3ejNQsIHQDQiwWM4JBqmm6MKANTp4LE=
google.golang.org/protobuf v1.34.1 h1:9ddQBjfCyZPOHPUiPxpYESBLc+T8P3E+Vo4IbKZgFWg=
google.golang.org/protobuf v1.34.1/go.mod h1:c6P6GXX6sHbq/GpV6MGZEdwhWPcYBgnhAHhKbcUYpos=
honnef.co/go/tools v0.0.0-20190404041852-d36bf9040906/go.mod h1:rf3lG4BRIbNafJWhAfAdb/ePZxsR/4RtNHQocxwk9r4=
