github.com/ajstarks/deck v0.0.0-20190324184121-6fe4637ccacd/go.mod h1:j3f/59diR4DorW5A78eDYvRkdrkh+nps4p5LA1Tl05U=
github.com/fogleman/gg v1.3.0 h1:/7zJX8F6AaYQc57WQCyN9cAIz+4bCJGO9B+dyW29am8=
github.com/fogleman/gg v1.3.0/go.mod h1:R/bRT+9gY/C5z7JzPU0zXsXHKM4/ayA+zqcVNZzPa1k=
github.com/gmlewis/go3d v0.0.4 h1:2ymApzgFXKZJ0nFgItUAAXt2z8n5tPOz5Wtu/SGZ1As=
github.com/gmlewis/go3d v0.0.4/go.mod h1:kmNbdpGuKWLQCUigppF9tBmoHDLrsymSy6se+eBUOVk=
github.com/gmlewis/ponoko2d v0.0.0-20190404133045-d77d370bec9a h1:+f/EwY1eQ5vL78T1LwqOKSGoEGtZ3kkwAvONoJtDay0=
github.com/gmlewis/ponoko2d v0.0.0-20190404133045-d77d370bec9a/go.mod h1:0DMFM3a552FJGRcau2ofvSbrPaoZQVJ9BiY5bdUAjVE=
github.com/golang/freetype v0.0.0-20170609003504-e2365dfdc4a0 h1:DACJavvAHhabrF08vX0COfcOBJRhZ8lUbR+ZWIs0Y5g=
github.com/golang/freetype v0.0.0-20170609003504-e2365dfdc4a0/go.mod h1:E/TSTwGwJL78qG/PmXZO1EjYhfJinVAhrmmHX6Z8B9k=
github.com/google/go-cmp v0.6.0 h1:ofyhxvXcZhMsU5ulbFiLKl/XBFqE1GSq7atu8tAmTRI=
github.com/google/go-cmp v0.6.0/go.mod h1:17dUlkBOakJ0+DkrSSNjCkIjxS6bF9zb3elmeNGIjoY=
github.com/yofu/dxf v0.0.0-20190710012328-5a6d1e83f16c h1:qgsxLgTXCVH8Dxar36HI5af2ZfinVz5vF8erPpyzM+A=
github.com/yofu/dxf v0.0.0-20190710012328-5a6d1e83f16c/go.mod h1:gnT4GQzgKW8+TLI0xheUgdmNV4dsAN0WJUVnztRZkfI=
golang.org/x/image v0.18.0 h1:jGzIakQa/ZXI1I0Fxvaa9W7yP25TqT6cHIHn+6CqvSQ=
golang.org/x/image v0.18.0/go.mod h1:4yyo5vMFQjVjUcVk4jEQcU9MGy/rulF5WvUILseCM2E=
google.golang.org/protobuf v1.34.2 h1:6xV6lTsCfpGD21XK49h7MhtcApnLqkfYgPcdHftf6hg=
google.golang.org/protobuf v1.34.2/go.mod h1:qYOHts0dSfpeUzUFpOMr/WGzszTmLH+DiWniOlNbLDw=
honnef.co/go/tools v0.0.0-20190404041852-d36bf9040906/go.mod h1:rf3lG4BRIbNafJWhAfAdb/ePZxsR/4RtNHQocxwk9r4=
